
Microsoft Visual Studio Solution File, Format Version 9.00
# Visual Studio 2005
Project("{8BC9CEB8-8B4A-11D0-8D11-00A0C91BC942}") = "DBMocksTestClient", "DBMocksTestClient\DBMocksTestClient.vcproj", "{30A55FB0-7E6F-4AC3-A124-0808BA1998DB}"
EndProject
Global
	GlobalSection(SolutionConfigurationPlatforms) = preSolution
		Debug|Win32 = Debug|Win32
		Release|Win32 = Release|Win32
	EndGlobalSection
	GlobalSection(ProjectConfigurationPlatforms) = postSolution
		{30A55FB0-7E6F-4AC3-A124-0808BA1998DB}.Debug|Win32.ActiveCfg = Debug|Win32
		{30A55FB0-7E6F-4AC3-A124-0808BA1998DB}.Debug|Win32.Build.0 = Debug|Win32
		{30A55FB0-7E6F-4AC3-A124-0808BA1998DB}.Release|Win32.ActiveCfg = Release|Win32
		{30A55FB0-7E6F-4AC3-A124-0808BA1998DB}.Release|Win32.Build.0 = Release|Win32
	EndGlobalSection
	GlobalSection(SolutionProperties) = preSolution
		HideSolutionNode = FALSE
	EndGlobalSection
EndGlobal
