Microsoft Visual Studio Solution File, Format Version 8.00
Project("{8BC9CEB8-8B4A-11D0-8D11-00A0C91BC942}") = "tests", "tests.vcproj", "{350FAB67-0D7A-4B65-9090-C79E0D65A2BA}"
	ProjectSection(ProjectDependencies) = postProject
	EndProjectSection
EndProject
Project("{8BC9CEB8-8B4A-11D0-8D11-00A0C91BC942}") = "client", "client\client.vcproj", "{E77FDDC5-AEB2-43FE-850C-23E1088A0254}"
	ProjectSection(ProjectDependencies) = postProject
		{350FAB67-0D7A-4B65-9090-C79E0D65A2BA} = {350FAB67-0D7A-4B65-9090-C79E0D65A2BA}
	EndProjectSection
EndProject
Global
	GlobalSection(SolutionConfiguration) = preSolution
		Debug = Debug
		Release = Release
	EndGlobalSection
	GlobalSection(ProjectConfiguration) = postSolution
		{350FAB67-0D7A-4B65-9090-C79E0D65A2BA}.Debug.ActiveCfg = Debug|Win32
		{350FAB67-0D7A-4B65-9090-C79E0D65A2BA}.Debug.Build.0 = Debug|Win32
		{350FAB67-0D7A-4B65-9090-C79E0D65A2BA}.Release.ActiveCfg = Release|Win32
		{350FAB67-0D7A-4B65-9090-C79E0D65A2BA}.Release.Build.0 = Release|Win32
		{E77FDDC5-AEB2-43FE-850C-23E1088A0254}.Debug.ActiveCfg = Debug|Win32
		{E77FDDC5-AEB2-43FE-850C-23E1088A0254}.Debug.Build.0 = Debug|Win32
		{E77FDDC5-AEB2-43FE-850C-23E1088A0254}.Release.ActiveCfg = Release|Win32
		{E77FDDC5-AEB2-43FE-850C-23E1088A0254}.Release.Build.0 = Release|Win32
	EndGlobalSection
	GlobalSection(ExtensibilityGlobals) = postSolution
	EndGlobalSection
	GlobalSection(ExtensibilityAddIns) = postSolution
	EndGlobalSection
EndGlobal
